
Microsoft Visual Studio Solution File, Format Version 12.00
# Visual Studio 14
VisualStudioVersion = 14.0.25420.1
MinimumVisualStudioVersion = 10.0.40219.1
Project("{FAE04EC0-301F-11D3-BF4B-00C04F79EFBC}") = "ShortLink", "ShortLink\ShortLink.csproj", "{73B7CC4C-250F-4CC4-A8B3-9460B1CF71AC}"
EndProject
Project("{FAE04EC0-301F-11D3-BF4B-00C04F79EFBC}") = "ShortLink.DataAccess", "ShortLink.DataAccess\ShortLink.DataAccess.csproj", "{81D2E366-8329-48B8-A651-CC3BC2BE2390}"
EndProject
Project("{FAE04EC0-301F-11D3-BF4B-00C04F79EFBC}") = "ShortLink.Application", "ShortLink.Application\ShortLink.Application.csproj", "{030BC07C-78DB-405C-996C-1D8EC2C52FE2}"
EndProject
Global
	GlobalSection(SolutionConfigurationPlatforms) = preSolution
		Debug|Any CPU = Debug|Any CPU
		Release|Any CPU = Release|Any CPU
	EndGlobalSection
	GlobalSection(ProjectConfigurationPlatforms) = postSolution
		{73B7CC4C-250F-4CC4-A8B3-9460B1CF71AC}.Debug|Any CPU.ActiveCfg = Debug|Any CPU
		{73B7CC4C-250F-4CC4-A8B3-9460B1CF71AC}.Debug|Any CPU.Build.0 = Debug|Any CPU
		{73B7CC4C-250F-4CC4-A8B3-9460B1CF71AC}.Release|Any CPU.ActiveCfg = Release|Any CPU
		{73B7CC4C-250F-4CC4-A8B3-9460B1CF71AC}.Release|Any CPU.Build.0 = Release|Any CPU
		{81D2E366-8329-48B8-A651-CC3BC2BE2390}.Debug|Any CPU.ActiveCfg = Debug|Any CPU
		{81D2E366-8329-48B8-A651-CC3BC2BE2390}.Debug|Any CPU.Build.0 = Debug|Any CPU
		{81D2E366-8329-48B8-A651-CC3BC2BE2390}.Release|Any CPU.ActiveCfg = Release|Any CPU
		{81D2E366-8329-48B8-A651-CC3BC2BE2390}.Release|Any CPU.Build.0 = Release|Any CPU
		{030BC07C-78DB-405C-996C-1D8EC2C52FE2}.Debug|Any CPU.ActiveCfg = Debug|Any CPU
		{030BC07C-78DB-405C-996C-1D8EC2C52FE2}.Debug|Any CPU.Build.0 = Debug|Any CPU
		{030BC07C-78DB-405C-996C-1D8EC2C52FE2}.Release|Any CPU.ActiveCfg = Release|Any CPU
		{030BC07C-78DB-405C-996C-1D8EC2C52FE2}.Release|Any CPU.Build.0 = Release|Any CPU
	EndGlobalSection
	GlobalSection(SolutionProperties) = preSolution
		HideSolutionNode = FALSE
	EndGlobalSection
EndGlobal
